
Microsoft Visual Studio Solution File, Format Version 12.00
# Visual Studio Version 17
VisualStudioVersion = 17.4.33213.308
MinimumVisualStudioVersion = 10.0.40219.1
Project("{8BC9CEB8-8B4A-11D0-8D11-00A0C91BC942}") = "DKRCpp2.0", "DKRCpp2.0\DKRCpp2.0.vcxproj", "{EA5450B8-174A-4F14-B029-21A37B2695E3}"
EndProject
Global
	GlobalSection(SolutionConfigurationPlatforms) = preSolution
		Debug|x64 = Debug|x64
		Debug|x86 = Debug|x86
		Release|x64 = Release|x64
		Release|x86 = Release|x86
	EndGlobalSection
	GlobalSection(ProjectConfigurationPlatforms) = postSolution
		{EA5450B8-174A-4F14-B029-21A37B2695E3}.Debug|x64.ActiveCfg = Debug|x64
		{EA5450B8-174A-4F14-B029-21A37B2695E3}.Debug|x64.Build.0 = Debug|x64
		{EA5450B8-174A-4F14-B029-21A37B2695E3}.Debug|x86.ActiveCfg = Debug|Win32
		{EA5450B8-174A-4F14-B029-21A37B2695E3}.Debug|x86.Build.0 = Debug|Win32
		{EA5450B8-174A-4F14-B029-21A37B2695E3}.Release|x64.ActiveCfg = Release|x64
		{EA5450B8-174A-4F14-B029-21A37B2695E3}.Release|x64.Build.0 = Release|x64
		{EA5450B8-174A-4F14-B029-21A37B2695E3}.Release|x86.ActiveCfg = Release|Win32
		{EA5450B8-174A-4F14-B029-21A37B2695E3}.Release|x86.Build.0 = Release|Win32
	EndGlobalSection
	GlobalSection(SolutionProperties) = preSolution
		HideSolutionNode = FALSE
	EndGlobalSection
	GlobalSection(ExtensibilityGlobals) = postSolution
		SolutionGuid = {D328D9C7-732A-4926-9D88-0EA17A0421B1}
	EndGlobalSection
EndGlobal
